
Microsoft Visual Studio Solution File, Format Version 12.00
# Visual Studio Version 17
VisualStudioVersion = 17.10.35122.118
MinimumVisualStudioVersion = 10.0.40219.1
Project("{9A19103F-16F7-4668-BE54-9A1E7A4F7556}") = "RestaurantReservation", "RestaurantReservation\RestaurantReservation.csproj", "{BF2E5CC8-4747-4CF9-9FE0-9056FA309B16}"
EndProject
Project("{FAE04EC0-301F-11D3-BF4B-00C04F79EFBC}") = "RestaurantReservation.Db", "RestaurantReservation.Db\RestaurantReservation.Db.csproj", "{3B854C08-27E8-4E6C-89B3-0654CD94A35C}"
EndProject
Global
	GlobalSection(SolutionConfigurationPlatforms) = preSolution
		Debug|Any CPU = Debug|Any CPU
		Release|Any CPU = Release|Any CPU
	EndGlobalSection
	GlobalSection(ProjectConfigurationPlatforms) = postSolution
		{BF2E5CC8-4747-4CF9-9FE0-9056FA309B16}.Debug|Any CPU.ActiveCfg = Debug|Any CPU
		{BF2E5CC8-4747-4CF9-9FE0-9056FA309B16}.Debug|Any CPU.Build.0 = Debug|Any CPU
		{BF2E5CC8-4747-4CF9-9FE0-9056FA309B16}.Release|Any CPU.ActiveCfg = Release|Any CPU
		{BF2E5CC8-4747-4CF9-9FE0-9056FA309B16}.Release|Any CPU.Build.0 = Release|Any CPU
		{3B854C08-27E8-4E6C-89B3-0654CD94A35C}.Debug|Any CPU.ActiveCfg = Debug|Any CPU
		{3B854C08-27E8-4E6C-89B3-0654CD94A35C}.Debug|Any CPU.Build.0 = Debug|Any CPU
		{3B854C08-27E8-4E6C-89B3-0654CD94A35C}.Release|Any CPU.ActiveCfg = Release|Any CPU
		{3B854C08-27E8-4E6C-89B3-0654CD94A35C}.Release|Any CPU.Build.0 = Release|Any CPU
	EndGlobalSection
	GlobalSection(SolutionProperties) = preSolution
		HideSolutionNode = FALSE
	EndGlobalSection
	GlobalSection(ExtensibilityGlobals) = postSolution
		SolutionGuid = {B9E86DA7-FFE9-445F-920F-B82B7837CFF0}
	EndGlobalSection
EndGlobal
